<?xml version="1.0" encoding="utf-8"?>
<Project ToolsVersion="4.0" xmlns="http://schemas.microsoft.com/developer/msbuild/2003">
  <ItemGroup>
    <Filter Include="Source Files">
      <UniqueIdentifier>{4FC737F1-C7A5-4376-A066-2A32D752A2FF}</UniqueIdentifier>
      <Extensions>cpp;c;cc;cxx;def;odl;idl;hpj;bat;asm;asmx</Extensions>
    </Filter>
    <Filter Include="Header Files">
      <UniqueIdentifier>{93995380-89BD-4b04-88EB-625FBE52EBFB}</UniqueIdentifier>
      <Extensions>h;hh;hpp;hxx;hm;inl;inc;xsd</Extensions>
    </Filter>
    <Filter Include="Resource Files">
      <UniqueIdentifier>{67DA6AB6-F800-4c08-8B7A-83BB121AAD01}</UniqueIdentifier>
      <Extensions>rc;ico;cur;bmp;dlg;rc2;rct;bin;rgs;gif;jpg;jpeg;jpe;resx;tiff;tif;png;wav;mfcribbon-ms</Extensions>
    </Filter>
  </ItemGroup>
  <ItemGroup>
    <ClCompile Include="Source\Main.cpp">
      <Filter>Source Files</Filter>
    </ClCompile>
    <ClCompile Include="Source\Board\Board.cpp">
      <Filter>Source Files</Filter>
    </ClCompile>
    <ClCompile Include="source\Board\GameState.cpp">
      <Filter>Source Files</Filter>
    </ClCompile>
    <ClCompile Include="source\Other\SettingsManager.cpp">
      <Filter>Source Files</Filter>
    </ClCompile>
    <ClCompile Include="source\Board\Building.cpp">
      <Filter>Source Files</Filter>
    </ClCompile>
    <ClCompile Include="source\Board\Empire.cpp">
      <Filter>Source Files</Filter>
    </ClCompile>
    <ClCompile Include="source\Board\Entity.cpp">
      <Filter>Source Files</Filter>
    </ClCompile>
    <ClCompile Include="source\Board\Entities\DemoEntity.cpp">
      <Filter>Source Files</Filter>
    </ClCompile>
    <ClCompile Include="source\Board\Buildings\Windmill.cpp">
      <Filter>Source Files</Filter>
    </ClCompile>
  </ItemGroup>
  <ItemGroup>
    <ClInclude Include="Source\Board\Board.h">
      <Filter>Header Files</Filter>
    </ClInclude>
    <ClInclude Include="Source\stb\stb_perlin.h">
      <Filter>Header Files</Filter>
    </ClInclude>
    <ClInclude Include="Source\Board\Building.h">
      <Filter>Header Files</Filter>
    </ClInclude>
    <ClInclude Include="source\Board\GameState.h">
      <Filter>Header Files</Filter>
    </ClInclude>
    <ClInclude Include="source\Other\SettingsManager.h">
      <Filter>Header Files</Filter>
    </ClInclude>
    <ClInclude Include="source\Board\Buildings\House.h">
      <Filter>Header Files</Filter>
    </ClInclude>
    <ClInclude Include="source\Board\Empire.h">
      <Filter>Header Files</Filter>
    </ClInclude>
    <ClInclude Include="source\Board\Buildings\Buildings.h">
      <Filter>Header Files</Filter>
    </ClInclude>
    <ClInclude Include="source\Board\Buildings\Watchtower.h">
      <Filter>Header Files</Filter>
    </ClInclude>
    <ClInclude Include="source\Board\Entity.h">
      <Filter>Header Files</Filter>
    </ClInclude>
    <ClInclude Include="source\Board\Entities\Entities.h">
      <Filter>Header Files</Filter>
    </ClInclude>
    <ClInclude Include="source\Board\Entities\DemoEntity.h">
      <Filter>Header Files</Filter>
    </ClInclude>
    <ClInclude Include="source\Board\Buildings\Windmill.h">
      <Filter>Header Files</Filter>
    </ClInclude>
  </ItemGroup>
  <ItemGroup>
    <None Include="package\res\settings.yaml" />
    <None Include="package\openal32.dll" />
    <None Include="package\sfml-audio-2.dll" />
    <None Include="package\sfml-audio-d-2.dll" />
    <None Include="package\sfml-graphics-2.dll" />
    <None Include="package\sfml-graphics-d-2.dll" />
    <None Include="package\sfml-network-2.dll" />
    <None Include="package\sfml-network-d-2.dll" />
    <None Include="package\sfml-system-2.dll" />
    <None Include="package\sfml-system-d-2.dll" />
    <None Include="package\sfml-window-2.dll" />
    <None Include="package\sfml-window-d-2.dll" />
  </ItemGroup>
  <ItemGroup>
    <Image Include="package\res\sprites.png">
      <Filter>Resource Files</Filter>
    </Image>
  </ItemGroup>
</Project>